
Microsoft Visual Studio Solution File, Format Version 12.00
# Visual Studio 15
VisualStudioVersion = 15.0.27130.2010
MinimumVisualStudioVersion = 10.0.40219.1
Project("{9A19103F-16F7-4668-BE54-9A1E7A4F7556}") = "LineCounter", "LineCounter\LineCounter.csproj", "{71DDBA2A-32D6-4019-8107-A2DAEA82DD10}"
EndProject
Project("{2150E333-8FDC-42A3-9474-1A3956D46DE8}") = "Solution Items", "Solution Items", "{6F0A85FE-BAF2-4568-B533-3A6F40A36E28}"
	ProjectSection(SolutionItems) = preProject
		README.md = README.md
	EndProjectSection
EndProject
Project("{9A19103F-16F7-4668-BE54-9A1E7A4F7556}") = "LineCounter.Tests", "LineCounter.Tests\LineCounter.Tests.csproj", "{2ED14734-B1E0-4733-B084-B69D367EF2D3}"
EndProject
Global
	GlobalSection(SolutionConfigurationPlatforms) = preSolution
		Debug|Any CPU = Debug|Any CPU
		Release|Any CPU = Release|Any CPU
	EndGlobalSection
	GlobalSection(ProjectConfigurationPlatforms) = postSolution
		{71DDBA2A-32D6-4019-8107-A2DAEA82DD10}.Debug|Any CPU.ActiveCfg = Debug|Any CPU
		{71DDBA2A-32D6-4019-8107-A2DAEA82DD10}.Debug|Any CPU.Build.0 = Debug|Any CPU
		{71DDBA2A-32D6-4019-8107-A2DAEA82DD10}.Release|Any CPU.ActiveCfg = Release|Any CPU
		{71DDBA2A-32D6-4019-8107-A2DAEA82DD10}.Release|Any CPU.Build.0 = Release|Any CPU
		{2ED14734-B1E0-4733-B084-B69D367EF2D3}.Debug|Any CPU.ActiveCfg = Debug|Any CPU
		{2ED14734-B1E0-4733-B084-B69D367EF2D3}.Debug|Any CPU.Build.0 = Debug|Any CPU
		{2ED14734-B1E0-4733-B084-B69D367EF2D3}.Release|Any CPU.ActiveCfg = Release|Any CPU
		{2ED14734-B1E0-4733-B084-B69D367EF2D3}.Release|Any CPU.Build.0 = Release|Any CPU
	EndGlobalSection
	GlobalSection(SolutionProperties) = preSolution
		HideSolutionNode = FALSE
	EndGlobalSection
	GlobalSection(ExtensibilityGlobals) = postSolution
		SolutionGuid = {CD6E4BF7-4BDD-419E-90B4-169D0C50EC51}
	EndGlobalSection
EndGlobal
