
Microsoft Visual Studio Solution File, Format Version 12.00
# Visual Studio 2013
VisualStudioVersion = 12.0.31101.0
MinimumVisualStudioVersion = 10.0.40219.1
Project("{FAE04EC0-301F-11D3-BF4B-00C04F79EFBC}") = "LineCounter", "LineCounter\LineCounter.csproj", "{71DDBA2A-32D6-4019-8107-A2DAEA82DD10}"
EndProject
Project("{FAE04EC0-301F-11D3-BF4B-00C04F79EFBC}") = "LineCounter.Tests", "LineCounter.Tests\LineCounter.Tests.csproj", "{D003F64D-60D0-4B4D-98EB-87C420372AE7}"
	ProjectSection(ProjectDependencies) = postProject
		{71DDBA2A-32D6-4019-8107-A2DAEA82DD10} = {71DDBA2A-32D6-4019-8107-A2DAEA82DD10}
	EndProjectSection
EndProject
Global
	GlobalSection(SolutionConfigurationPlatforms) = preSolution
		Debug|Any CPU = Debug|Any CPU
		Release|Any CPU = Release|Any CPU
	EndGlobalSection
	GlobalSection(ProjectConfigurationPlatforms) = postSolution
		{71DDBA2A-32D6-4019-8107-A2DAEA82DD10}.Debug|Any CPU.ActiveCfg = Debug|Any CPU
		{71DDBA2A-32D6-4019-8107-A2DAEA82DD10}.Debug|Any CPU.Build.0 = Debug|Any CPU
		{71DDBA2A-32D6-4019-8107-A2DAEA82DD10}.Release|Any CPU.ActiveCfg = Release|Any CPU
		{71DDBA2A-32D6-4019-8107-A2DAEA82DD10}.Release|Any CPU.Build.0 = Release|Any CPU
		{D003F64D-60D0-4B4D-98EB-87C420372AE7}.Debug|Any CPU.ActiveCfg = Debug|Any CPU
		{D003F64D-60D0-4B4D-98EB-87C420372AE7}.Debug|Any CPU.Build.0 = Debug|Any CPU
		{D003F64D-60D0-4B4D-98EB-87C420372AE7}.Release|Any CPU.ActiveCfg = Release|Any CPU
		{D003F64D-60D0-4B4D-98EB-87C420372AE7}.Release|Any CPU.Build.0 = Release|Any CPU
	EndGlobalSection
	GlobalSection(SolutionProperties) = preSolution
		HideSolutionNode = FALSE
	EndGlobalSection
EndGlobal
